schema: '2.0'
stages:
  camloss:
    cmd: python -m src.model.train camloss
    deps:
    - path: data/test/
      md5: 2c2366224ada979dac573ac795c52733.dir
      size: 1079757
      nfiles: 32
    - path: data/train/
      md5: a22025dbe3871ee89c4ce9e187f0a826.dir
      size: 5529937
      nfiles: 324
    - path: data/val/
      md5: 76170fae5f4c3f9f49015d3b08b164e0.dir
      size: 465761
      nfiles: 20
    - path: src/const.py
      md5: 3617c1bbd406c9edb938c1deab034e56
      size: 731
    - path: src/data/generator.py
      md5: 4904deaf8134072212bbf397ed8155a2
      size: 3230
    - path: src/model/arch.py
      md5: f369cc42276a63b337c7a16e253d04b0
      size: 1619
    - path: src/model/callbacks.py
      md5: 3fc23587d0b684910374cd42b6f68146
      size: 896
    - path: src/model/loss.py
      md5: eb613a60a7981e195784cf4ede8e6bb4
      size: 742
    - path: src/model/train.py
      md5: 3be4273f39ab62fadea29469c7210e4e
      size: 1590
    outs:
    - path: models/camloss/
      md5: b3a324609b49881476733a1962f67af4.dir
      size: 19602296
      nfiles: 5
  camloss map:
    cmd: python -m src.data.generator camloss
    deps:
    - path: data/test/
      md5: 2c2366224ada979dac573ac795c52733.dir
      size: 1079757
      nfiles: 32
    - path: data/train/
      md5: a22025dbe3871ee89c4ce9e187f0a826.dir
      size: 5529937
      nfiles: 324
    - path: data/val/
      md5: 76170fae5f4c3f9f49015d3b08b164e0.dir
      size: 465761
      nfiles: 20
    - path: models/camloss/
      md5: b3a324609b49881476733a1962f67af4.dir
      size: 19602296
      nfiles: 5
    - path: src/const.py
      md5: 3617c1bbd406c9edb938c1deab034e56
      size: 731
    - path: src/data/generator.py
      md5: 4904deaf8134072212bbf397ed8155a2
      size: 3230
    - path: src/model/loss.py
      md5: eb613a60a7981e195784cf4ede8e6bb4
      size: 742
    outs:
    - path: data/cams/camloss.png
      md5: 8901cdaac1373e3f337b23c3384a6246
      size: 1188725
    - path: data/cams/camloss/
      md5: 7b3d5256fad9844ee485dbea06505cab.dir
      size: 2456552
      nfiles: 16
  default:
    cmd: python -m src.model.train default
    deps:
    - path: data/test/
      md5: 2c2366224ada979dac573ac795c52733.dir
      size: 1079757
      nfiles: 32
    - path: data/train/
      md5: a22025dbe3871ee89c4ce9e187f0a826.dir
      size: 5529937
      nfiles: 324
    - path: data/val/
      md5: 76170fae5f4c3f9f49015d3b08b164e0.dir
      size: 465761
      nfiles: 20
    - path: src/const.py
      md5: 3617c1bbd406c9edb938c1deab034e56
      size: 731
    - path: src/data/generator.py
      md5: 4904deaf8134072212bbf397ed8155a2
      size: 3230
    - path: src/model/arch.py
      md5: f369cc42276a63b337c7a16e253d04b0
      size: 1619
    - path: src/model/callbacks.py
      md5: 3fc23587d0b684910374cd42b6f68146
      size: 896
    - path: src/model/loss.py
      md5: eb613a60a7981e195784cf4ede8e6bb4
      size: 742
    - path: src/model/train.py
      md5: 3be4273f39ab62fadea29469c7210e4e
      size: 1590
    outs:
    - path: models/default/
      md5: 07137f35e7ae0c4bca4203a79959fbaa.dir
      size: 19593207
      nfiles: 5
  default map:
    cmd: python -m src.data.generator default
    deps:
    - path: data/test/
      md5: 2c2366224ada979dac573ac795c52733.dir
      size: 1079757
      nfiles: 32
    - path: data/train/
      md5: a22025dbe3871ee89c4ce9e187f0a826.dir
      size: 5529937
      nfiles: 324
    - path: data/val/
      md5: 76170fae5f4c3f9f49015d3b08b164e0.dir
      size: 465761
      nfiles: 20
    - path: models/default/
      md5: 07137f35e7ae0c4bca4203a79959fbaa.dir
      size: 19593207
      nfiles: 5
    - path: src/const.py
      md5: 3617c1bbd406c9edb938c1deab034e56
      size: 731
    - path: src/data/generator.py
      md5: 4904deaf8134072212bbf397ed8155a2
      size: 3230
    - path: src/model/loss.py
      md5: eb613a60a7981e195784cf4ede8e6bb4
      size: 742
    outs:
    - path: data/cams/default.png
      md5: 8053fba454fd06685d085e7b97dab5c9
      size: 1201153
    - path: data/cams/default/
      md5: b7d9478dbe1975a89c55afcb6ad040c4.dir
      size: 2497555
      nfiles: 16
