schema: '2.0'
stages:
  tripletloss:
    cmd: python -m src.auxilliary.train clustering
    deps:
    - path: data/annotations/
      hash: md5
      md5: 3d83dbeb25cfaaacd791caf6a0462b40.dir
      size: 215163
      nfiles: 6
    - path: src/auxilliary/loss.py
      hash: md5
      md5: 7fbc29b62b2dc8a879dde20a3b49eddd
      size: 545
    - path: src/auxilliary/train.py
      hash: md5
      md5: 9b2f538ed94ed6c054ca6ba31b48aacc
      size: 3121
    - path: src/const.py
      hash: md5
      md5: c51efc950b8c49bec7d2b8fdbdabb34e
      size: 1116
    - path: src/data/siamese.py
      hash: md5
      md5: 938d75ebec30eaa7a2c7c7e068534829
      size: 1669
    outs:
    - path: models/clustering.pt
      hash: md5
      md5: f10c86850a718954fe01a6efadff63f9
      size: 14122
  default-train:
    cmd: python -m src.model.train default
    deps:
    - path: data/waterbirds/
      hash: md5
      md5: 37b8a1f7249ecb1a68d5f39206d888fe.dir
      size: 492707912
      nfiles: 11789
    - path: src/const.py
      hash: md5
      md5: c51efc950b8c49bec7d2b8fdbdabb34e
      size: 1116
    - path: src/data/waterbirds.py
      hash: md5
      md5: 426c6ed08c3c34fea8e50677f31c2ba5
      size: 1623
    - path: src/model/arch.py
      hash: md5
      md5: caf196b996463df91f721ba9288a01be
      size: 2088
    - path: src/model/loss.py
      hash: md5
      md5: eb50d86627d5c5549aff866779304e28
      size: 1735
    - path: src/model/train.py
      hash: md5
      md5: a524e64c7950cb94ff3501754f6c0e44
      size: 4402
    outs:
    - path: models/default.pt
      hash: md5
      md5: 9d0351051d00c1b982bda2c8e780e39f
      size: 856128
  multiloss-train:
    cmd: python -m src.model.train multiloss
    deps:
    - path: data/waterbirds/
      hash: md5
      md5: 37b8a1f7249ecb1a68d5f39206d888fe.dir
      size: 492707912
      nfiles: 11789
    - path: models/clustering.pt
      hash: md5
      md5: f10c86850a718954fe01a6efadff63f9
      size: 14122
    - path: src/const.py
      hash: md5
      md5: c51efc950b8c49bec7d2b8fdbdabb34e
      size: 1116
    - path: src/data/waterbirds.py
      hash: md5
      md5: 426c6ed08c3c34fea8e50677f31c2ba5
      size: 1623
    - path: src/model/arch.py
      hash: md5
      md5: caf196b996463df91f721ba9288a01be
      size: 2088
    - path: src/model/loss.py
      hash: md5
      md5: eb50d86627d5c5549aff866779304e28
      size: 1735
    - path: src/model/train.py
      hash: md5
      md5: a524e64c7950cb94ff3501754f6c0e44
      size: 4402
    outs:
    - path: models/multiloss.pt
      hash: md5
      md5: 810bdfac605468cb1bd3de520bfcdbe2
      size: 856600
  default-visualize:
    cmd: python -m src.model.evaluate visualize default
    deps:
    - path: data/waterbirds/
      hash: md5
      md5: 37b8a1f7249ecb1a68d5f39206d888fe.dir
      size: 492707912
      nfiles: 11789
    - path: models/default.pt
      hash: md5
      md5: 9d0351051d00c1b982bda2c8e780e39f
      size: 856128
    - path: src/const.py
      hash: md5
      md5: c51efc950b8c49bec7d2b8fdbdabb34e
      size: 1116
    - path: src/data/waterbirds.py
      hash: md5
      md5: 426c6ed08c3c34fea8e50677f31c2ba5
      size: 1623
    - path: src/model/evaluate.py
      hash: md5
      md5: 5a766224cd35033a4ad8d0ac0d56e9c7
      size: 2498
    outs:
    - path: data/evals/default.png
      hash: md5
      md5: f7e0853b4d53f891ec2000ae8a8ea0d7
      size: 2093308
  default-group:
    cmd: python -m src.model.evaluate group default
    deps:
    - path: data/waterbirds/
      hash: md5
      md5: 37b8a1f7249ecb1a68d5f39206d888fe.dir
      size: 492707912
      nfiles: 11789
    - path: models/default.pt
      hash: md5
      md5: 9d0351051d00c1b982bda2c8e780e39f
      size: 856128
    - path: src/const.py
      hash: md5
      md5: c51efc950b8c49bec7d2b8fdbdabb34e
      size: 1116
    - path: src/data/waterbirds.py
      hash: md5
      md5: 426c6ed08c3c34fea8e50677f31c2ba5
      size: 1623
    - path: src/model/evaluate.py
      hash: md5
      md5: 5a766224cd35033a4ad8d0ac0d56e9c7
      size: 2498
    outs:
    - path: data/evals/default.txt
      hash: md5
      md5: b53854bba72990eeeae8f27d0b3dbc7a
      size: 272
  multiloss-visualize:
    cmd: python -m src.model.evaluate visualize multiloss
    deps:
    - path: data/waterbirds/
      hash: md5
      md5: 37b8a1f7249ecb1a68d5f39206d888fe.dir
      size: 492707912
      nfiles: 11789
    - path: models/multiloss.pt
      hash: md5
      md5: 810bdfac605468cb1bd3de520bfcdbe2
      size: 856600
    - path: src/const.py
      hash: md5
      md5: c51efc950b8c49bec7d2b8fdbdabb34e
      size: 1116
    - path: src/data/waterbirds.py
      hash: md5
      md5: 426c6ed08c3c34fea8e50677f31c2ba5
      size: 1623
    - path: src/model/evaluate.py
      hash: md5
      md5: 5a766224cd35033a4ad8d0ac0d56e9c7
      size: 2498
    outs:
    - path: data/evals/multiloss.png
      hash: md5
      md5: f998aa50f676fcb9cb2862b3e3041083
      size: 2049540
  multiloss-group:
    cmd: python -m src.model.evaluate group multiloss
    deps:
    - path: data/waterbirds/
      hash: md5
      md5: 37b8a1f7249ecb1a68d5f39206d888fe.dir
      size: 492707912
      nfiles: 11789
    - path: models/multiloss.pt
      hash: md5
      md5: 810bdfac605468cb1bd3de520bfcdbe2
      size: 856600
    - path: src/const.py
      hash: md5
      md5: c51efc950b8c49bec7d2b8fdbdabb34e
      size: 1116
    - path: src/data/waterbirds.py
      hash: md5
      md5: 426c6ed08c3c34fea8e50677f31c2ba5
      size: 1623
    - path: src/model/evaluate.py
      hash: md5
      md5: 5a766224cd35033a4ad8d0ac0d56e9c7
      size: 2498
    outs:
    - path: data/evals/multiloss.txt
      hash: md5
      md5: c5750c411d54de08f5120aeb1d787f71
      size: 441
